
Microsoft Visual Studio Solution File, Format Version 12.00
# Visual Studio Version 16
VisualStudioVersion = 16.0.30204.135
MinimumVisualStudioVersion = 10.0.40219.1
Project("{FAE04EC0-301F-11D3-BF4B-00C04F79EFBC}") = "HelpDeskDLL", "HelpDeskDLL\HelpDeskDLL.csproj", "{784D97DC-EFEE-4D13-BBA9-22FD7E4B5324}"
EndProject
Global
	GlobalSection(SolutionConfigurationPlatforms) = preSolution
		Debug|Any CPU = Debug|Any CPU
		Release|Any CPU = Release|Any CPU
	EndGlobalSection
	GlobalSection(ProjectConfigurationPlatforms) = postSolution
		{784D97DC-EFEE-4D13-BBA9-22FD7E4B5324}.Debug|Any CPU.ActiveCfg = Debug|Any CPU
		{784D97DC-EFEE-4D13-BBA9-22FD7E4B5324}.Debug|Any CPU.Build.0 = Debug|Any CPU
		{784D97DC-EFEE-4D13-BBA9-22FD7E4B5324}.Release|Any CPU.ActiveCfg = Release|Any CPU
		{784D97DC-EFEE-4D13-BBA9-22FD7E4B5324}.Release|Any CPU.Build.0 = Release|Any CPU
	EndGlobalSection
	GlobalSection(SolutionProperties) = preSolution
		HideSolutionNode = FALSE
	EndGlobalSection
	GlobalSection(ExtensibilityGlobals) = postSolution
		SolutionGuid = {40D05255-C289-47FC-AC1D-3DC56F90FCA4}
	EndGlobalSection
EndGlobal
